Microsoft Visual Studio Solution File, Format Version 12.00
# Visual Studio Version 17
VisualStudioVersion = 17.5.2.0
MinimumVisualStudioVersion = 10.0.40219.1
Project("{FAE04EC0-301F-11D3-BF4B-00C04F79EFBC}") = "ExportApp", "ExportApp.csproj", "{2B9B817A-D3FB-7529-A14E-5605AB83C193}"
EndProject
Global
	GlobalSection(SolutionConfigurationPlatforms) = preSolution
		Debug|Any CPU = Debug|Any CPU
		Release|Any CPU = Release|Any CPU
	EndGlobalSection
	GlobalSection(ProjectConfigurationPlatforms) = postSolution
		{2B9B817A-D3FB-7529-A14E-5605AB83C193}.Debug|Any CPU.ActiveCfg = Debug|Any CPU
		{2B9B817A-D3FB-7529-A14E-5605AB83C193}.Debug|Any CPU.Build.0 = Debug|Any CPU
		{2B9B817A-D3FB-7529-A14E-5605AB83C193}.Release|Any CPU.ActiveCfg = Release|Any CPU
		{2B9B817A-D3FB-7529-A14E-5605AB83C193}.Release|Any CPU.Build.0 = Release|Any CPU
	EndGlobalSection
	GlobalSection(SolutionProperties) = preSolution
		HideSolutionNode = FALSE
	EndGlobalSection
	GlobalSection(ExtensibilityGlobals) = postSolution
		SolutionGuid = {8A7A01D3-4FBC-4997-BDE9-2039F8DD8EED}
	EndGlobalSection
EndGlobal
